PODS:
  - shared (1.0):
    - VietMap (= 2.0.0)
  - VietMap (2.0.0)

DEPENDENCIES:
  - shared (from `../shared`)

SPEC REPOS:
  trunk:
    - VietMap

EXTERNAL SOURCES:
  shared:
    :path: "../shared"

SPEC CHECKSUMS:
  shared: 181783bdf3a6d79e28a8e1bdfa70eaa7f45a2982
  VietMap: 1fc4a1e27896a19bc8b8a62e2227b1e0116a698d

PODFILE CHECKSUM: 78d6cc1b71b232202c48a29d4e6c34972c534c73

COCOAPODS: 1.16.2
